PODS:
  - Realm (3.14.2):
    - Realm/Headers (= 3.14.2)
  - Realm/Headers (3.14.2)

DEPENDENCIES:
  - Realm (= 3.14.2)
  - Realm/Headers

SPEC REPOS:
  https://github.com/cocoapods/specs.git:
    - Realm

SPEC CHECKSUMS:
  Realm: 179c6706e3a49dbfe112e572fd3c03d3169bea35

PODFILE CHECKSUM: edd33cc8a0cb0a6c6e3087a725c77467b8db2605

COCOAPODS: 1.6.1
