PODS:
  - Realm (3.14.2):
    - Realm/Headers (= 3.14.2)
  - Realm/Headers (3.14.2)

DEPENDENCIES:
  - Realm (= 3.14.2)
  - Realm/Headers

SPEC REPOS:
  https://github.com/cocoapods/specs.git:
    - Realm

SPEC CHECKSUMS:
  Realm: 179c6706e3a49dbfe112e572fd3c03d3169bea35

PODFILE CHECKSUM: 41647a14d847807404e5ee2740aaeb70e08ce659

COCOAPODS: 1.7.1
